
Microsoft Visual Studio Solution File, Format Version 12.00
# Visual Studio Version 17
VisualStudioVersion = 17.1.32328.378
MinimumVisualStudioVersion = 10.0.40219.1
Project("{FAE04EC0-301F-11D3-BF4B-00C04F79EFBC}") = "OpticsDemo", "OpticsDemo.csproj", "{646C1CA0-1503-4CAA-A34A-0BA3E4480A36}"
EndProject
Global
	GlobalSection(SolutionConfigurationPlatforms) = preSolution
		Debug|Any CPU = Debug|Any CPU
		Release|Any CPU = Release|Any CPU
	EndGlobalSection
	GlobalSection(ProjectConfigurationPlatforms) = postSolution
		{646C1CA0-1503-4CAA-A34A-0BA3E4480A36}.Debug|Any CPU.ActiveCfg = Debug|Any CPU
		{646C1CA0-1503-4CAA-A34A-0BA3E4480A36}.Debug|Any CPU.Build.0 = Debug|Any CPU
		{646C1CA0-1503-4CAA-A34A-0BA3E4480A36}.Release|Any CPU.ActiveCfg = Release|Any CPU
		{646C1CA0-1503-4CAA-A34A-0BA3E4480A36}.Release|Any CPU.Build.0 = Release|Any CPU
	EndGlobalSection
	GlobalSection(SolutionProperties) = preSolution
		HideSolutionNode = FALSE
	EndGlobalSection
	GlobalSection(ExtensibilityGlobals) = postSolution
		SolutionGuid = {2083FE11-BCAC-4C17-BD8E-B75CD28181EE}
	EndGlobalSection
EndGlobal
